{
    "version": "0.5",
    "requires": [
        "zlib/1.3.1#f52e03ae3d251dec704634230cd806a2%1708593606.497",
        "vorbis/1.3.7#37e58f52e59a6232199b34ef402714a6%1699046045.52",
        "sol2/3.3.1#d0bfc452402c43e44872f2a8302b6ed8%1690117190.489",
        "sdl/2.30.7#18e0d26b5a7ce52903a0e38a50183f33%1725229194.522",
        "physfs/3.2.0#ce2cc3c35002b14680c5cb6f53ffbe7e%1703960009.922",
        "openal-soft/1.23.1#e7024bb790b58439f3da3a3098594b92%1704620196.962",
        "ogg/1.3.5#062626875f5c8c59f069f76f148098ef%1676030023.878",
        "nlohmann_json/3.11.3#45828be26eb619a2e04ca517bb7b828d%1701220705.259",
        "lua/5.4.6#658d6089093cf01992c2737ab2e96763%1706547686.738",
        "libspng/0.7.4#56ba231839e37d5f370be5a9dbb4beb1%1694417195.715",
        "libcurl/8.10.1#a3113369c86086b0e84231844e7ed0a9%1726826278.501",
        "fmt/11.0.2#5c7438ef4d5d69ab106a41e460ce11f3%1721637745.688"
    ],
    "build_requires": [
        "pkgconf/2.1.0#27f44583701117b571307cf5b5fe5605%1701537936.436",
        "ninja/1.12.1#fd583651bf0c6a901943495d49878803%1724079877.609",
        "meson/1.2.2#21b73818ba96d9eea465b310b5bbc993%1726730120.212",
        "m4/1.4.19#b38ced39a01e31fef5435bc634461fd2%1700758725.451",
        "libtool/2.4.7#08316dad5c72c541ed21e039e4cf217b%1702300906.107",
        "gnu-config/cci.20210814#dc430d754f465e8c74463019672fb97b%1701248168.479",
        "cmake/3.30.1#6d832cf2d46f6ec969ca5ed5b41f91eb%1721643748.186",
        "automake/1.16.5#058bda3e21c36c9aa8425daf3c1faf50%1688481772.751",
        "autoconf/2.71#f9307992909d7fb3df459340f1932809%1711983104.648"
    ],
    "python_requires": [],
    "config_requires": []
}
